
Microsoft Visual Studio Solution File, Format Version 12.00
# Visual Studio Version 17
VisualStudioVersion = 17.6.33723.286
MinimumVisualStudioVersion = 10.0.40219.1
Project("{9A19103F-16F7-4668-BE54-9A1E7A4F7556}") = "API", "API\API.csproj", "{79EB5E0C-4927-4C1A-8584-F17ECA3C6058}"
EndProject
Project("{FAE04EC0-301F-11D3-BF4B-00C04F79EFBC}") = "Core", "Core\Core.csproj", "{5CF5813F-FC1A-480F-B6BB-8E2AA7FDB705}"
EndProject
Project("{FAE04EC0-301F-11D3-BF4B-00C04F79EFBC}") = "Infrastructure", "Infrastructure\Infrastructure.csproj", "{FCF3E44B-C8A3-4C9B-B292-D8E2231E53FC}"
EndProject
Global
	GlobalSection(SolutionConfigurationPlatforms) = preSolution
		Debug|Any CPU = Debug|Any CPU
		Release|Any CPU = Release|Any CPU
	EndGlobalSection
	GlobalSection(ProjectConfigurationPlatforms) = postSolution
		{79EB5E0C-4927-4C1A-8584-F17ECA3C6058}.Debug|Any CPU.ActiveCfg = Debug|Any CPU
		{79EB5E0C-4927-4C1A-8584-F17ECA3C6058}.Debug|Any CPU.Build.0 = Debug|Any CPU
		{79EB5E0C-4927-4C1A-8584-F17ECA3C6058}.Release|Any CPU.ActiveCfg = Release|Any CPU
		{79EB5E0C-4927-4C1A-8584-F17ECA3C6058}.Release|Any CPU.Build.0 = Release|Any CPU
		{5CF5813F-FC1A-480F-B6BB-8E2AA7FDB705}.Debug|Any CPU.ActiveCfg = Debug|Any CPU
		{5CF5813F-FC1A-480F-B6BB-8E2AA7FDB705}.Debug|Any CPU.Build.0 = Debug|Any CPU
		{5CF5813F-FC1A-480F-B6BB-8E2AA7FDB705}.Release|Any CPU.ActiveCfg = Release|Any CPU
		{5CF5813F-FC1A-480F-B6BB-8E2AA7FDB705}.Release|Any CPU.Build.0 = Release|Any CPU
		{FCF3E44B-C8A3-4C9B-B292-D8E2231E53FC}.Debug|Any CPU.ActiveCfg = Debug|Any CPU
		{FCF3E44B-C8A3-4C9B-B292-D8E2231E53FC}.Debug|Any CPU.Build.0 = Debug|Any CPU
		{FCF3E44B-C8A3-4C9B-B292-D8E2231E53FC}.Release|Any CPU.ActiveCfg = Release|Any CPU
		{FCF3E44B-C8A3-4C9B-B292-D8E2231E53FC}.Release|Any CPU.Build.0 = Release|Any CPU
	EndGlobalSection
	GlobalSection(SolutionProperties) = preSolution
		HideSolutionNode = FALSE
	EndGlobalSection
	GlobalSection(ExtensibilityGlobals) = postSolution
		SolutionGuid = {C27FF2AF-A637-4AF7-B4C7-A58CAE555B92}
	EndGlobalSection
EndGlobal
